
Microsoft Visual Studio Solution File, Format Version 12.00
# Visual Studio Version 17
VisualStudioVersion = 17.6.33927.249
MinimumVisualStudioVersion = 10.0.40219.1
Project("{9A19103F-16F7-4668-BE54-9A1E7A4F7556}") = "SWD_API", "SWD_API\SWD_API.csproj", "{8E56AE9A-1948-4035-8F89-EC74BB68ECDB}"
EndProject
Project("{9A19103F-16F7-4668-BE54-9A1E7A4F7556}") = "SWD_API.Repository", "SWD_API.Repository\SWD_API.Repository.csproj", "{8E55C541-685F-4FBA-86C4-AAAE394C4540}"
EndProject
Global
	GlobalSection(SolutionConfigurationPlatforms) = preSolution
		Debug|Any CPU = Debug|Any CPU
		Release|Any CPU = Release|Any CPU
	EndGlobalSection
	GlobalSection(ProjectConfigurationPlatforms) = postSolution
		{8E56AE9A-1948-4035-8F89-EC74BB68ECDB}.Debug|Any CPU.ActiveCfg = Debug|Any CPU
		{8E56AE9A-1948-4035-8F89-EC74BB68ECDB}.Debug|Any CPU.Build.0 = Debug|Any CPU
		{8E56AE9A-1948-4035-8F89-EC74BB68ECDB}.Release|Any CPU.ActiveCfg = Release|Any CPU
		{8E56AE9A-1948-4035-8F89-EC74BB68ECDB}.Release|Any CPU.Build.0 = Release|Any CPU
		{8E55C541-685F-4FBA-86C4-AAAE394C4540}.Debug|Any CPU.ActiveCfg = Debug|Any CPU
		{8E55C541-685F-4FBA-86C4-AAAE394C4540}.Debug|Any CPU.Build.0 = Debug|Any CPU
		{8E55C541-685F-4FBA-86C4-AAAE394C4540}.Release|Any CPU.ActiveCfg = Release|Any CPU
		{8E55C541-685F-4FBA-86C4-AAAE394C4540}.Release|Any CPU.Build.0 = Release|Any CPU
	EndGlobalSection
	GlobalSection(SolutionProperties) = preSolution
		HideSolutionNode = FALSE
	EndGlobalSection
	GlobalSection(ExtensibilityGlobals) = postSolution
		SolutionGuid = {522237E2-888B-4F7B-9F80-9723E0F2140D}
	EndGlobalSection
EndGlobal
