
Microsoft Visual Studio Solution File, Format Version 12.00
# Visual Studio Version 17
VisualStudioVersion = 17.6.33927.249
MinimumVisualStudioVersion = 10.0.40219.1
Project("{9A19103F-16F7-4668-BE54-9A1E7A4F7556}") = "SWD_Api.Repository", "SWD_API.Repository\SWD_Api.Repository.csproj", "{92D6DCBD-2917-4A17-AC39-50A2E531FF83}"
EndProject
Project("{FAE04EC0-301F-11D3-BF4B-00C04F79EFBC}") = "SWD_Api", "SWD_Api\SWD_Api.csproj", "{27502B31-9F45-4973-AA85-D82771BF52EC}"
EndProject
Global
	GlobalSection(SolutionConfigurationPlatforms) = preSolution
		Debug|Any CPU = Debug|Any CPU
		Release|Any CPU = Release|Any CPU
	EndGlobalSection
	GlobalSection(ProjectConfigurationPlatforms) = postSolution
		{92D6DCBD-2917-4A17-AC39-50A2E531FF83}.Debug|Any CPU.ActiveCfg = Debug|Any CPU
		{92D6DCBD-2917-4A17-AC39-50A2E531FF83}.Debug|Any CPU.Build.0 = Debug|Any CPU
		{92D6DCBD-2917-4A17-AC39-50A2E531FF83}.Release|Any CPU.ActiveCfg = Release|Any CPU
		{92D6DCBD-2917-4A17-AC39-50A2E531FF83}.Release|Any CPU.Build.0 = Release|Any CPU
		{27502B31-9F45-4973-AA85-D82771BF52EC}.Debug|Any CPU.ActiveCfg = Debug|Any CPU
		{27502B31-9F45-4973-AA85-D82771BF52EC}.Debug|Any CPU.Build.0 = Debug|Any CPU
		{27502B31-9F45-4973-AA85-D82771BF52EC}.Release|Any CPU.ActiveCfg = Release|Any CPU
		{27502B31-9F45-4973-AA85-D82771BF52EC}.Release|Any CPU.Build.0 = Release|Any CPU
	EndGlobalSection
	GlobalSection(SolutionProperties) = preSolution
		HideSolutionNode = FALSE
	EndGlobalSection
	GlobalSection(ExtensibilityGlobals) = postSolution
		SolutionGuid = {522237E2-888B-4F7B-9F80-9723E0F2140D}
	EndGlobalSection
EndGlobal
